// !$*UTF8*$!
{
	archiveVersion = 1;
	classes = {
	};
	objectVersion = 46;
	objects = {

/* Begin PBXBuildFile section */
		EDA97BAD1B3E3853004074F4 /* AppDelegate.swift in Sources */ = {isa = PBXBuildFile; fileRef = EDA97BAC1B3E3853004074F4 /* AppDelegate.swift */; };
		EDA97BAF1B3E3853004074F4 /* ViewController.swift in Sources */ = {isa = PBXBuildFile; fileRef = EDA97BAE1B3E3853004074F4 /* ViewController.swift */; };
		EDA97BB21B3E3853004074F4 /* Main.storyboard in Resources */ = {isa = PBXBuildFile; fileRef = EDA97BB01B3E3853004074F4 /* Main.storyboard */; };
		EDA97BB41B3E3853004074F4 /* Images.xcassets in Resources */ = {isa = PBXBuildFile; fileRef = EDA97BB31B3E3853004074F4 /* Images.xcassets */; };
		EDA97BB71B3E3853004074F4 /* LaunchScreen.xib in Resources */ = {isa = PBXBuildFile; fileRef = EDA97BB51B3E3853004074F4 /* LaunchScreen.xib */; };
		EDA97BC31B3E3853004074F4 /* PageMenuTestingTests.swift in Sources */ = {isa = PBXBuildFile; fileRef = EDA97BC21B3E3853004074F4 /* PageMenuTestingTests.swift */; };
/* End PBXBuildFile section */

/* Begin PBXContainerItemProxy section */
		EDA97BBD1B3E3853004074F4 /* PBXContainerItemProxy */ = {
			isa = PBXContainerItemProxy;
			containerPortal = EDA97B9F1B3E3853004074F4 /* Project object */;
			proxyType = 1;
			remoteGlobalIDString = EDA97BA61B3E3853004074F4;
			remoteInfo = PageMenuTesting;
		};
/* End PBXContainerItemProxy section */

/* Begin PBXFileReference section */
		EDA97BA71B3E3853004074F4 /* PageMenuTesting.app */ = {isa = PBXFileReference; explicitFileType = wrapper.application; includeInIndex = 0; path = PageMenuTesting.app; sourceTree = BUILT_PRODUCTS_DIR; };
		EDA97BAB1B3E3853004074F4 /* Info.plist */ = {isa = PBXFileReference; lastKnownFileType = text.plist.xml; path = Info.plist; sourceTree = "<group>"; };
		EDA97BAC1B3E3853004074F4 /* AppDelegate.swift */ = {isa = PBXFileReference; lastKnownFileType = sourcecode.swift; path = AppDelegate.swift; sourceTree = "<group>"; };
		EDA97BAE1B3E3853004074F4 /* ViewController.swift */ = {isa = PBXFileReference; lastKnownFileType = sourcecode.swift; path = ViewController.swift; sourceTree = "<group>"; };
		EDA97BB11B3E3853004074F4 /* Base */ = {isa = PBXFileReference; lastKnownFileType = file.storyboard; name = Base; path = Base.lproj/Main.storyboard; sourceTree = "<group>"; };
		EDA97BB31B3E3853004074F4 /* Images.xcassets */ = {isa = PBXFileReference; lastKnownFileType = folder.assetcatalog; path = Images.xcassets; sourceTree = "<group>"; };
		EDA97BB61B3E3853004074F4 /* Base */ = {isa = PBXFileReference; lastKnownFileType = file.xib; name = Base; path = Base.lproj/LaunchScreen.xib; sourceTree = "<group>"; };
		EDA97BBC1B3E3853004074F4 /* PageMenuTestingTests.xctest */ = {isa = PBXFileReference; explicitFileType = wrapper.cfbundle; includeInIndex = 0; path = PageMenuTestingTests.xctest; sourceTree = BUILT_PRODUCTS_DIR; };
		EDA97BC11B3E3853004074F4 /* Info.plist */ = {isa = PBXFileReference; lastKnownFileType = text.plist.xml; path = Info.plist; sourceTree = "<group>"; };
		EDA97BC21B3E3853004074F4 /* PageMenuTestingTests.swift */ = {isa = PBXFileReference; lastKnownFileType = sourcecode.swift; path = PageMenuTestingTests.swift; sourceTree = "<group>"; };
/* End PBXFileReference section */

/* Begin PBXFrameworksBuildPhase section */
		EDA97BA41B3E3853004074F4 /* Frameworks */ = {
			isa = PBXFrameworksBuildPhase;
			buildActionMask = 2147483647;
			files = (
			);
			runOnlyForDeploymentPostprocessing = 0;
		};
		EDA97BB91B3E3853004074F4 /* Frameworks */ = {
			isa = PBXFrameworksBuildPhase;
			buildActionMask = 2147483647;
			files = (
			);
			runOnlyForDeploymentPostprocessing = 0;
		};
/* End PBXFrameworksBuildPhase section */

/* Begin PBXGroup section */
		EDA97B9E1B3E3853004074F4 = {
			isa = PBXGroup;
			children = (
				EDA97BA91B3E3853004074F4 /* PageMenuTesting */,
				EDA97BBF1B3E3853004074F4 /* PageMenuTestingTests */,
				EDA97BA81B3E3853004074F4 /* Products */,
			);
			sourceTree = "<group>";
		};
		EDA97BA81B3E3853004074F4 /* Products */ = {
			isa = PBXGroup;
			children = (
				EDA97BA71B3E3853004074F4 /* PageMenuTesting.app */,
				EDA97BBC1B3E3853004074F4 /* PageMenuTestingTests.xctest */,
			);
			name = Products;
			sourceTree = "<group>";
		};
		EDA97BA91B3E3853004074F4 /* PageMenuTesting */ = {
			isa = PBXGroup;
			children = (
				EDA97BAC1B3E3853004074F4 /* AppDelegate.swift */,
				EDA97BAE1B3E3853004074F4 /* ViewController.swift */,
				EDA97BB01B3E3853004074F4 /* Main.storyboard */,
				EDA97BB31B3E3853004074F4 /* Images.xcassets */,
				EDA97BB51B3E3853004074F4 /* LaunchScreen.xib */,
				EDA97BAA1B3E3853004074F4 /* Supporting Files */,
			);
			path = PageMenuTesting;
			sourceTree = "<group>";
		};
		EDA97BAA1B3E3853004074F4 /* Supporting Files */ = {
			isa = PBXGroup;
			children = (
				EDA97BAB1B3E3853004074F4 /* Info.plist */,
			);
			name = "Supporting Files";
			sourceTree = "<group>";
		};
		EDA97BBF1B3E3853004074F4 /* PageMenuTestingTests */ = {
			isa = PBXGroup;
			children = (
				EDA97BC21B3E3853004074F4 /* PageMenuTestingTests.swift */,
				EDA97BC01B3E3853004074F4 /* Supporting Files */,
			);
			path = PageMenuTestingTests;
			sourceTree = "<group>";
		};
		EDA97BC01B3E3853004074F4 /* Supporting Files */ = {
			isa = PBXGroup;
			children = (
				EDA97BC11B3E3853004074F4 /* Info.plist */,
			);
			name = "Supporting Files";
			sourceTree = "<group>";
		};
/* End PBXGroup section */

/* Begin PBXNativeTarget section */
		EDA97BA61B3E3853004074F4 /* PageMenuTesting */ = {
			isa = PBXNativeTarget;
			buildConfigurationList = EDA97BC61B3E3853004074F4 /* Build configuration list for PBXNativeTarget "PageMenuTesting" */;
			buildPhases = (
				EDA97BA31B3E3853004074F4 /* Sources */,
				EDA97BA41B3E3853004074F4 /* Frameworks */,
				EDA97BA51B3E3853004074F4 /* Resources */,
			);
			buildRules = (
			);
			dependencies = (
			);
			name = PageMenuTesting;
			productName = PageMenuTesting;
			productReference = EDA97BA71B3E3853004074F4 /* PageMenuTesting.app */;
			productType = "com.apple.product-type.application";
		};
		EDA97BBB1B3E3853004074F4 /* PageMenuTestingTests */ = {
			isa = PBXNativeTarget;
			buildConfigurationList = EDA97BC91B3E3853004074F4 /* Build configuration list for PBXNativeTarget "PageMenuTestingTests" */;
			buildPhases = (
				EDA97BB81B3E3853004074F4 /* Sources */,
				EDA97BB91B3E3853004074F4 /* Frameworks */,
				EDA97BBA1B3E3853004074F4 /* Resources */,
			);
			buildRules = (
			);
			dependencies = (
				EDA97BBE1B3E3853004074F4 /* PBXTargetDependency */,
			);
			name = PageMenuTestingTests;
			productName = PageMenuTestingTests;
			productReference = EDA97BBC1B3E3853004074F4 /* PageMenuTestingTests.xctest */;
			productType = "com.apple.product-type.bundle.unit-test";
		};
/* End PBXNativeTarget section */

/* Begin PBXProject section */
		EDA97B9F1B3E3853004074F4 /* Project object */ = {
			isa = PBXProject;
			attributes = {
				LastUpgradeCheck = 0630;
				ORGANIZATIONNAME = "kan vichhai";
				TargetAttributes = {
					EDA97BA61B3E3853004074F4 = {
						CreatedOnToolsVersion = 6.3.1;
					};
					EDA97BBB1B3E3853004074F4 = {
						CreatedOnToolsVersion = 6.3.1;
						TestTargetID = EDA97BA61B3E3853004074F4;
					};
				};
			};
			buildConfigurationList = EDA97BA21B3E3853004074F4 /* Build configuration list for PBXProject "PageMenuTesting" */;
			compatibilityVersion = "Xcode 3.2";
			developmentRegion = English;
			hasScannedForEncodings = 0;
			knownRegions = (
				en,
				Base,
			);
			mainGroup = EDA97B9E1B3E3853004074F4;
			productRefGroup = EDA97BA81B3E3853004074F4 /* Products */;
			projectDirPath = "";
			projectRoot = "";
			targets = (
				EDA97BA61B3E3853004074F4 /* PageMenuTesting */,
				EDA97BBB1B3E3853004074F4 /* PageMenuTestingTests */,
			);
		};
/* End PBXProject section */

/* Begin PBXResourcesBuildPhase section */
		EDA97BA51B3E3853004074F4 /* Resources */ = {
			isa = PBXResourcesBuildPhase;
			buildActionMask = 2147483647;
			files = (
				EDA97BB21B3E3853004074F4 /* Main.storyboard in Resources */,
				EDA97BB71B3E3853004074F4 /* LaunchScreen.xib in Resources */,
				EDA97BB41B3E3853004074F4 /* Images.xcassets in Resources */,
			);
			runOnlyForDeploymentPostprocessing = 0;
		};
		EDA97BBA1B3E3853004074F4 /* Resources */ = {
			isa = PBXResourcesBuildPhase;
			buildActionMask = 2147483647;
			files = (
			);
			runOnlyForDeploymentPostprocessing = 0;
		};
/* End PBXResourcesBuildPhase section */

/* Begin PBXSourcesBuildPhase section */
		EDA97BA31B3E3853004074F4 /* Sources */ = {
			isa = PBXSourcesBuildPhase;
			buildActionMask = 2147483647;
			files = (
				EDA97BAF1B3E3853004074F4 /* ViewController.swift in Sources */,
				EDA97BAD1B3E3853004074F4 /* AppDelegate.swift in Sources */,
			);
			runOnlyForDeploymentPostprocessing = 0;
		};
		EDA97BB81B3E3853004074F4 /* Sources */ = {
			isa = PBXSourcesBuildPhase;
			buildActionMask = 2147483647;
			files = (
				EDA97BC31B3E3853004074F4 /* PageMenuTestingTests.swift in Sources */,
			);
			runOnlyForDeploymentPostprocessing = 0;
		};
/* End PBXSourcesBuildPhase section */

/* Begin PBXTargetDependency section */
		EDA97BBE1B3E3853004074F4 /* PBXTargetDependency */ = {
			isa = PBXTargetDependency;
			target = EDA97BA61B3E3853004074F4 /* PageMenuTesting */;
			targetProxy = EDA97BBD1B3E3853004074F4 /* PBXContainerItemProxy */;
		};
/* End PBXTargetDependency section */

/* Begin PBXVariantGroup section */
		EDA97BB01B3E3853004074F4 /* Main.storyboard */ = {
			isa = PBXVariantGroup;
			children = (
				EDA97BB11B3E3853004074F4 /* Base */,
			);
			name = Main.storyboard;
			sourceTree = "<group>";
		};
		EDA97BB51B3E3853004074F4 /* LaunchScreen.xib */ = {
			isa = PBXVariantGroup;
			children = (
				EDA97BB61B3E3853004074F4 /* Base */,
			);
			name = LaunchScreen.xib;
			sourceTree = "<group>";
		};
/* End PBXVariantGroup section */

/* Begin XCBuildConfiguration section */
		EDA97BC41B3E3853004074F4 /* Debug */ = {
			isa = XCBuildConfiguration;
			buildSettings = {
				ALWAYS_SEARCH_USER_PATHS = NO;
				CLANG_CXX_LANGUAGE_STANDARD = "gnu++0x";
				CLANG_CXX_LIBRARY = "libc++";
				CLANG_ENABLE_MODULES = YES;
				CLANG_ENABLE_OBJC_ARC = YES;
				CLANG_WARN_BOOL_CONVERSION = YES;
				CLANG_WARN_CONSTANT_CONVERSION = YES;
				CLANG_WARN_DIRECT_OBJC_ISA_USAGE = YES_ERROR;
				CLANG_WARN_EMPTY_BODY = YES;
				CLANG_WARN_ENUM_CONVERSION = YES;
				CLANG_WARN_INT_CONVERSION = YES;
				CLANG_WARN_OBJC_ROOT_CLASS = YES_ERROR;
				CLANG_WARN_UNREACHABLE_CODE = YES;
				CLANG_WARN__DUPLICATE_METHOD_MATCH = YES;
				"CODE_SIGN_IDENTITY[sdk=iphoneos*]" = "iPhone Developer";
				COPY_PHASE_STRIP = NO;
				DEBUG_INFORMATION_FORMAT = "dwarf-with-dsym";
				ENABLE_STRICT_OBJC_MSGSEND = YES;
				GCC_C_LANGUAGE_STANDARD = gnu99;
				GCC_DYNAMIC_NO_PIC = NO;
				GCC_NO_COMMON_BLOCKS = YES;
				GCC_OPTIMIZATION_LEVEL = 0;
				GCC_PREPROCESSOR_DEFINITIONS = (
					"DEBUG=1",
					"$(inherited)",
				);
				GCC_SYMBOLS_PRIVATE_EXTERN = NO;
				GCC_WARN_64_TO_32_BIT_CONVERSION = YES;
				GCC_WARN_ABOUT_RETURN_TYPE = YES_ERROR;
				GCC_WARN_UNDECLARED_SELECTOR = YES;
				GCC_WARN_UNINITIALIZED_AUTOS = YES_AGGRESSIVE;
				GCC_WARN_UNUSED_FUNCTION = YES;
				GCC_WARN_UNUSED_VARIABLE = YES;
				IPHONEOS_DEPLOYMENT_TARGET = 8.3;
				MTL_ENABLE_DEBUG_INFO = YES;
				ONLY_ACTIVE_ARCH = YES;
				SDKROOT = iphoneos;
				SWIFT_OPTIMIZATION_LEVEL = "-Onone";
			};
			name = Debug;
		};
		EDA97BC51B3E3853004074F4 /* Release */ = {
			isa = XCBuildConfiguration;
			buildSettings = {
				ALWAYS_SEARCH_USER_PATHS = NO;
				CLANG_CXX_LANGUAGE_STANDARD = "gnu++0x";
				CLANG_CXX_LIBRARY = "libc++";
				CLANG_ENABLE_MODULES = YES;
				CLANG_ENABLE_OBJC_ARC = YES;
				CLANG_WARN_BOOL_CONVERSION = YES;
				CLANG_WARN_CONSTANT_CONVERSION = YES;
				CLANG_WARN_DIRECT_OBJC_ISA_USAGE = YES_ERROR;
				CLANG_WARN_EMPTY_BODY = YES;
				CLANG_WARN_ENUM_CONVERSION = YES;
				CLANG_WARN_INT_CONVERSION = YES;
				CLANG_WARN_OBJC_ROOT_CLASS = YES_ERROR;
				CLANG_WARN_UNREACHABLE_CODE = YES;
				CLANG_WARN__DUPLICATE_METHOD_MATCH = YES;
				"CODE_SIGN_IDENTITY[sdk=iphoneos*]" = "iPhone Developer";
				COPY_PHASE_STRIP = NO;
				DEBUG_INFORMATION_FORMAT = "dwarf-with-dsym";
				ENABLE_NS_ASSERTIONS = NO;
				ENABLE_STRICT_OBJC_MSGSEND = YES;
				GCC_C_LANGUAGE_STANDARD = gnu99;
				GCC_NO_COMMON_BLOCKS = YES;
				GCC_WARN_64_TO_32_BIT_CONVERSION = YES;
				GCC_WARN_ABOUT_RETURN_TYPE = YES_ERROR;
				GCC_WARN_UNDECLARED_SELECTOR = YES;
				GCC_WARN_UNINITIALIZED_AUTOS = YES_AGGRESSIVE;
				GCC_WARN_UNUSED_FUNCTION = YES;
				GCC_WARN_UNUSED_VARIABLE = YES;
				IPHONEOS_DEPLOYMENT_TARGET = 8.3;
				MTL_ENABLE_DEBUG_INFO = NO;
				SDKROOT = iphoneos;
				VALIDATE_PRODUCT = YES;
			};
			name = Release;
		};
		EDA97BC71B3E3853004074F4 /* Debug */ = {
			isa = XCBuildConfiguration;
			buildSettings = {
				ASSETCATALOG_COMPILER_APPICON_NAME = AppIcon;
				INFOPLIST_FILE = PageMenuTesting/Info.plist;
				LD_RUNPATH_SEARCH_PATHS = "$(inherited) @executable_path/Frameworks";
				PRODUCT_NAME = "$(TARGET_NAME)";
			};
			name = Debug;
		};
		EDA97BC81B3E3853004074F4 /* Release */ = {
			isa = XCBuildConfiguration;
			buildSettings = {
				ASSETCATALOG_COMPILER_APPICON_NAME = AppIcon;
				INFOPLIST_FILE = PageMenuTesting/Info.plist;
				LD_RUNPATH_SEARCH_PATHS = "$(inherited) @executable_path/Frameworks";
				PRODUCT_NAME = "$(TARGET_NAME)";
			};
			name = Release;
		};
		EDA97BCA1B3E3853004074F4 /* Debug */ = {
			isa = XCBuildConfiguration;
			buildSettings = {
				BUNDLE_LOADER = "$(TEST_HOST)";
				FRAMEWORK_SEARCH_PATHS = (
					"$(SDKROOT)/Developer/Library/Frameworks",
					"$(inherited)",
				);
				GCC_PREPROCESSOR_DEFINITIONS = (
					"DEBUG=1",
					"$(inherited)",
				);
				INFOPLIST_FILE = PageMenuTestingTests/Info.plist;
				LD_RUNPATH_SEARCH_PATHS = "$(inherited) @executable_path/Frameworks @loader_path/Frameworks";
				PRODUCT_NAME = "$(TARGET_NAME)";
				TEST_HOST = "$(BUILT_PRODUCTS_DIR)/PageMenuTesting.app/PageMenuTesting";
			};
			name = Debug;
		};
		EDA97BCB1B3E3853004074F4 /* Release */ = {
			isa = XCBuildConfiguration;
			buildSettings = {
				BUNDLE_LOADER = "$(TEST_HOST)";
				FRAMEWORK_SEARCH_PATHS = (
					"$(SDKROOT)/Developer/Library/Frameworks",
					"$(inherited)",
				);
				INFOPLIST_FILE = PageMenuTestingTests/Info.plist;
				LD_RUNPATH_SEARCH_PATHS = "$(inherited) @executable_path/Frameworks @loader_path/Frameworks";
				PRODUCT_NAME = "$(TARGET_NAME)";
				TEST_HOST = "$(BUILT_PRODUCTS_DIR)/PageMenuTesting.app/PageMenuTesting";
			};
			name = Release;
		};
/* End XCBuildConfiguration section */

/* Begin XCConfigurationList section */
		EDA97BA21B3E3853004074F4 /* Build configuration list for PBXProject "PageMenuTesting" */ = {
			isa = XCConfigurationList;
			buildConfigurations = (
				EDA97BC41B3E3853004074F4 /* Debug */,
				EDA97BC51B3E3853004074F4 /* Release */,
			);
			defaultConfigurationIsVisible = 0;
			defaultConfigurationName = Release;
		};
		EDA97BC61B3E3853004074F4 /* Build configuration list for PBXNativeTarget "PageMenuTesting" */ = {
			isa = XCConfigurationList;
			buildConfigurations = (
				EDA97BC71B3E3853004074F4 /* Debug */,
				EDA97BC81B3E3853004074F4 /* Release */,
			);
			defaultConfigurationIsVisible = 0;
		};
		EDA97BC91B3E3853004074F4 /* Build configuration list for PBXNativeTarget "PageMenuTestingTests" */ = {
			isa = XCConfigurationList;
			buildConfigurations = (
				EDA97BCA1B3E3853004074F4 /* Debug */,
				EDA97BCB1B3E3853004074F4 /* Release */,
			);
			defaultConfigurationIsVisible = 0;
		};
/* End XCConfigurationList section */
	};
	rootObject = EDA97B9F1B3E3853004074F4 /* Project object */;
}
